
Microsoft Visual Studio Solution File, Format Version 12.00
# Visual Studio Version 17
VisualStudioVersion = 17.0.32014.148
MinimumVisualStudioVersion = 10.0.40219.1
Project("{FAE04EC0-301F-11D3-BF4B-00C04F79EFBC}") = "NexusUploader", "NexusUploader.csproj", "{D7B26E25-BCAD-46B5-BB72-D00A7A7291C7}"
EndProject
Global
	GlobalSection(SolutionConfigurationPlatforms) = preSolution
		Debug|Any CPU = Debug|Any CPU
		Release|Any CPU = Release|Any CPU
	EndGlobalSection
	GlobalSection(ProjectConfigurationPlatforms) = postSolution
		{D7B26E25-BCAD-46B5-BB72-D00A7A7291C7}.Debug|Any CPU.ActiveCfg = Debug|Any CPU
		{D7B26E25-BCAD-46B5-BB72-D00A7A7291C7}.Debug|Any CPU.Build.0 = Debug|Any CPU
		{D7B26E25-BCAD-46B5-BB72-D00A7A7291C7}.Release|Any CPU.ActiveCfg = Release|Any CPU
		{D7B26E25-BCAD-46B5-BB72-D00A7A7291C7}.Release|Any CPU.Build.0 = Release|Any CPU
	EndGlobalSection
	GlobalSection(SolutionProperties) = preSolution
		HideSolutionNode = FALSE
	EndGlobalSection
	GlobalSection(ExtensibilityGlobals) = postSolution
		SolutionGuid = {F925CE29-5726-4CA5-9304-7FC48A2BF35A}
	EndGlobalSection
EndGlobal
